// !$*UTF8*$!
{
	archiveVersion = 1;
	classes = {
	};
	objectVersion = 46;
	objects = {

/* Begin PBXBuildFile section */
		696CF44A1EC189C70044C09B /* CompleteTaskViewController.swift in Sources */ = {isa = PBXBuildFile; fileRef = 696CF4491EC189C70044C09B /* CompleteTaskViewController.swift */; };
		698E3C3A1EC010DF00186CD2 /* Task.swift in Sources */ = {isa = PBXBuildFile; fileRef = 698E3C391EC010DF00186CD2 /* Task.swift */; };
		698E3C3C1EC01E1F00186CD2 /* CreateTaskViewController.swift in Sources */ = {isa = PBXBuildFile; fileRef = 698E3C3B1EC01E1F00186CD2 /* CreateTaskViewController.swift */; };
		699D3DAA1EBFD48E005DB2DF /* AppDelegate.swift in Sources */ = {isa = PBXBuildFile; fileRef = 699D3DA91EBFD48E005DB2DF /* AppDelegate.swift */; };
		699D3DAC1EBFD48E005DB2DF /* ViewController.swift in Sources */ = {isa = PBXBuildFile; fileRef = 699D3DAB1EBFD48E005DB2DF /* ViewController.swift */; };
		699D3DAF1EBFD48E005DB2DF /* Main.storyboard in Resources */ = {isa = PBXBuildFile; fileRef = 699D3DAD1EBFD48E005DB2DF /* Main.storyboard */; };
		699D3DB21EBFD48E005DB2DF /* Doit.xcdatamodeld in Sources */ = {isa = PBXBuildFile; fileRef = 699D3DB01EBFD48E005DB2DF /* Doit.xcdatamodeld */; };
		699D3DB41EBFD48E005DB2DF /* Assets.xcassets in Resources */ = {isa = PBXBuildFile; fileRef = 699D3DB31EBFD48E005DB2DF /* Assets.xcassets */; };
		699D3DB71EBFD48E005DB2DF /* LaunchScreen.storyboard in Resources */ = {isa = PBXBuildFile; fileRef = 699D3DB51EBFD48E005DB2DF /* LaunchScreen.storyboard */; };
/* End PBXBuildFile section */

/* Begin PBXFileReference section */
		696CF4491EC189C70044C09B /* CompleteTaskViewController.swift */ = {isa = PBXFileReference; fileEncoding = 4; lastKnownFileType = sourcecode.swift; path = CompleteTaskViewController.swift; sourceTree = "<group>"; };
		698E3C391EC010DF00186CD2 /* Task.swift */ = {isa = PBXFileReference; fileEncoding = 4; lastKnownFileType = sourcecode.swift; path = Task.swift; sourceTree = "<group>"; };
		698E3C3B1EC01E1F00186CD2 /* CreateTaskViewController.swift */ = {isa = PBXFileReference; fileEncoding = 4; lastKnownFileType = sourcecode.swift; path = CreateTaskViewController.swift; sourceTree = "<group>"; };
		699D3DA61EBFD48E005DB2DF /* Doit.app */ = {isa = PBXFileReference; explicitFileType = wrapper.application; includeInIndex = 0; path = Doit.app; sourceTree = BUILT_PRODUCTS_DIR; };
		699D3DA91EBFD48E005DB2DF /* AppDelegate.swift */ = {isa = PBXFileReference; lastKnownFileType = sourcecode.swift; path = AppDelegate.swift; sourceTree = "<group>"; };
		699D3DAB1EBFD48E005DB2DF /* ViewController.swift */ = {isa = PBXFileReference; lastKnownFileType = sourcecode.swift; path = ViewController.swift; sourceTree = "<group>"; };
		699D3DAE1EBFD48E005DB2DF /* Base */ = {isa = PBXFileReference; lastKnownFileType = file.storyboard; name = Base; path = Base.lproj/Main.storyboard; sourceTree = "<group>"; };
		699D3DB11EBFD48E005DB2DF /* Doit.xcdatamodel */ = {isa = PBXFileReference; lastKnownFileType = wrapper.xcdatamodel; path = Doit.xcdatamodel; sourceTree = "<group>"; };
		699D3DB31EBFD48E005DB2DF /* Assets.xcassets */ = {isa = PBXFileReference; lastKnownFileType = folder.assetcatalog; path = Assets.xcassets; sourceTree = "<group>"; };
		699D3DB61EBFD48E005DB2DF /* Base */ = {isa = PBXFileReference; lastKnownFileType = file.storyboard; name = Base; path = Base.lproj/LaunchScreen.storyboard; sourceTree = "<group>"; };
		699D3DB81EBFD48E005DB2DF /* Info.plist */ = {isa = PBXFileReference; lastKnownFileType = text.plist.xml; path = Info.plist; sourceTree = "<group>"; };
/* End PBXFileReference section */

/* Begin PBXFrameworksBuildPhase section */
		699D3DA31EBFD48E005DB2DF /* Frameworks */ = {
			isa = PBXFrameworksBuildPhase;
			buildActionMask = 2147483647;
			files = (
			);
			runOnlyForDeploymentPostprocessing = 0;
		};
/* End PBXFrameworksBuildPhase section */

/* Begin PBXGroup section */
		699D3D9D1EBFD48E005DB2DF = {
			isa = PBXGroup;
			children = (
				699D3DA81EBFD48E005DB2DF /* Doit */,
				699D3DA71EBFD48E005DB2DF /* Products */,
			);
			sourceTree = "<group>";
		};
		699D3DA71EBFD48E005DB2DF /* Products */ = {
			isa = PBXGroup;
			children = (
				699D3DA61EBFD48E005DB2DF /* Doit.app */,
			);
			name = Products;
			sourceTree = "<group>";
		};
		699D3DA81EBFD48E005DB2DF /* Doit */ = {
			isa = PBXGroup;
			children = (
				699D3DA91EBFD48E005DB2DF /* AppDelegate.swift */,
				699D3DAB1EBFD48E005DB2DF /* ViewController.swift */,
				698E3C3B1EC01E1F00186CD2 /* CreateTaskViewController.swift */,
				696CF4491EC189C70044C09B /* CompleteTaskViewController.swift */,
				698E3C391EC010DF00186CD2 /* Task.swift */,
				699D3DAD1EBFD48E005DB2DF /* Main.storyboard */,
				699D3DB31EBFD48E005DB2DF /* Assets.xcassets */,
				699D3DB51EBFD48E005DB2DF /* LaunchScreen.storyboard */,
				699D3DB81EBFD48E005DB2DF /* Info.plist */,
				699D3DB01EBFD48E005DB2DF /* Doit.xcdatamodeld */,
			);
			path = Doit;
			sourceTree = "<group>";
		};
/* End PBXGroup section */

/* Begin PBXNativeTarget section */
		699D3DA51EBFD48E005DB2DF /* Doit */ = {
			isa = PBXNativeTarget;
			buildConfigurationList = 699D3DBB1EBFD48E005DB2DF /* Build configuration list for PBXNativeTarget "Doit" */;
			buildPhases = (
				699D3DA21EBFD48E005DB2DF /* Sources */,
				699D3DA31EBFD48E005DB2DF /* Frameworks */,
				699D3DA41EBFD48E005DB2DF /* Resources */,
			);
			buildRules = (
			);
			dependencies = (
			);
			name = Doit;
			productName = Doit;
			productReference = 699D3DA61EBFD48E005DB2DF /* Doit.app */;
			productType = "com.apple.product-type.application";
		};
/* End PBXNativeTarget section */

/* Begin PBXProject section */
		699D3D9E1EBFD48E005DB2DF /* Project object */ = {
			isa = PBXProject;
			attributes = {
				LastSwiftUpdateCheck = 0830;
				LastUpgradeCheck = 0830;
				ORGANIZATIONNAME = trevor;
				TargetAttributes = {
					699D3DA51EBFD48E005DB2DF = {
						CreatedOnToolsVersion = 8.3.2;
						DevelopmentTeam = GUH47Z8BFP;
						ProvisioningStyle = Automatic;
					};
				};
			};
			buildConfigurationList = 699D3DA11EBFD48E005DB2DF /* Build configuration list for PBXProject "Doit" */;
			compatibilityVersion = "Xcode 3.2";
			developmentRegion = English;
			hasScannedForEncodings = 0;
			knownRegions = (
				en,
				Base,
			);
			mainGroup = 699D3D9D1EBFD48E005DB2DF;
			productRefGroup = 699D3DA71EBFD48E005DB2DF /* Products */;
			projectDirPath = "";
			projectRoot = "";
			targets = (
				699D3DA51EBFD48E005DB2DF /* Doit */,
			);
		};
/* End PBXProject section */

/* Begin PBXResourcesBuildPhase section */
		699D3DA41EBFD48E005DB2DF /* Resources */ = {
			isa = PBXResourcesBuildPhase;
			buildActionMask = 2147483647;
			files = (
				699D3DB71EBFD48E005DB2DF /* LaunchScreen.storyboard in Resources */,
				699D3DB41EBFD48E005DB2DF /* Assets.xcassets in Resources */,
				699D3DAF1EBFD48E005DB2DF /* Main.storyboard in Resources */,
			);
			runOnlyForDeploymentPostprocessing = 0;
		};
/* End PBXResourcesBuildPhase section */

/* Begin PBXSourcesBuildPhase section */
		699D3DA21EBFD48E005DB2DF /* Sources */ = {
			isa = PBXSourcesBuildPhase;
			buildActionMask = 2147483647;
			files = (
				698E3C3A1EC010DF00186CD2 /* Task.swift in Sources */,
				699D3DAC1EBFD48E005DB2DF /* ViewController.swift in Sources */,
				696CF44A1EC189C70044C09B /* CompleteTaskViewController.swift in Sources */,
				699D3DAA1EBFD48E005DB2DF /* AppDelegate.swift in Sources */,
				699D3DB21EBFD48E005DB2DF /* Doit.xcdatamodeld in Sources */,
				698E3C3C1EC01E1F00186CD2 /* CreateTaskViewController.swift in Sources */,
			);
			runOnlyForDeploymentPostprocessing = 0;
		};
/* End PBXSourcesBuildPhase section */

/* Begin PBXVariantGroup section */
		699D3DAD1EBFD48E005DB2DF /* Main.storyboard */ = {
			isa = PBXVariantGroup;
			children = (
				699D3DAE1EBFD48E005DB2DF /* Base */,
			);
			name = Main.storyboard;
			sourceTree = "<group>";
		};
		699D3DB51EBFD48E005DB2DF /* LaunchScreen.storyboard */ = {
			isa = PBXVariantGroup;
			children = (
				699D3DB61EBFD48E005DB2DF /* Base */,
			);
			name = LaunchScreen.storyboard;
			sourceTree = "<group>";
		};
/* End PBXVariantGroup section */

/* Begin XCBuildConfiguration section */
		699D3DB91EBFD48E005DB2DF /* Debug */ = {
			isa = XCBuildConfiguration;
			buildSettings = {
				ALWAYS_SEARCH_USER_PATHS = NO;
				CLANG_ANALYZER_NONNULL = YES;
				CLANG_ANALYZER_NUMBER_OBJECT_CONVERSION = YES_AGGRESSIVE;
				CLANG_CXX_LANGUAGE_STANDARD = "gnu++0x";
				CLANG_CXX_LIBRARY = "libc++";
				CLANG_ENABLE_MODULES = YES;
				CLANG_ENABLE_OBJC_ARC = YES;
				CLANG_WARN_BOOL_CONVERSION = YES;
				CLANG_WARN_CONSTANT_CONVERSION = YES;
				CLANG_WARN_DIRECT_OBJC_ISA_USAGE = YES_ERROR;
				CLANG_WARN_DOCUMENTATION_COMMENTS = YES;
				CLANG_WARN_EMPTY_BODY = YES;
				CLANG_WARN_ENUM_CONVERSION = YES;
				CLANG_WARN_INFINITE_RECURSION = YES;
				CLANG_WARN_INT_CONVERSION = YES;
				CLANG_WARN_OBJC_ROOT_CLASS = YES_ERROR;
				CLANG_WARN_SUSPICIOUS_MOVE = YES;
				CLANG_WARN_UNREACHABLE_CODE = YES;
				CLANG_WARN__DUPLICATE_METHOD_MATCH = YES;
				"CODE_SIGN_IDENTITY[sdk=iphoneos*]" = "iPhone Developer";
				COPY_PHASE_STRIP = NO;
				DEBUG_INFORMATION_FORMAT = dwarf;
				ENABLE_STRICT_OBJC_MSGSEND = YES;
				ENABLE_TESTABILITY = YES;
				GCC_C_LANGUAGE_STANDARD = gnu99;
				GCC_DYNAMIC_NO_PIC = NO;
				GCC_NO_COMMON_BLOCKS = YES;
				GCC_OPTIMIZATION_LEVEL = 0;
				GCC_PREPROCESSOR_DEFINITIONS = (
					"DEBUG=1",
					"$(inherited)",
				);
				GCC_WARN_64_TO_32_BIT_CONVERSION = YES;
				GCC_WARN_ABOUT_RETURN_TYPE = YES_ERROR;
				GCC_WARN_UNDECLARED_SELECTOR = YES;
				GCC_WARN_UNINITIALIZED_AUTOS = YES_AGGRESSIVE;
				GCC_WARN_UNUSED_FUNCTION = YES;
				GCC_WARN_UNUSED_VARIABLE = YES;
				IPHONEOS_DEPLOYMENT_TARGET = 10.3;
				MTL_ENABLE_DEBUG_INFO = YES;
				ONLY_ACTIVE_ARCH = YES;
				SDKROOT = iphoneos;
				SWIFT_ACTIVE_COMPILATION_CONDITIONS = DEBUG;
				SWIFT_OPTIMIZATION_LEVEL = "-Onone";
				TARGETED_DEVICE_FAMILY = "1,2";
			};
			name = Debug;
		};
		699D3DBA1EBFD48E005DB2DF /* Release */ = {
			isa = XCBuildConfiguration;
			buildSettings = {
				ALWAYS_SEARCH_USER_PATHS = NO;
				CLANG_ANALYZER_NONNULL = YES;
				CLANG_ANALYZER_NUMBER_OBJECT_CONVERSION = YES_AGGRESSIVE;
				CLANG_CXX_LANGUAGE_STANDARD = "gnu++0x";
				CLANG_CXX_LIBRARY = "libc++";
				CLANG_ENABLE_MODULES = YES;
				CLANG_ENABLE_OBJC_ARC = YES;
				CLANG_WARN_BOOL_CONVERSION = YES;
				CLANG_WARN_CONSTANT_CONVERSION = YES;
				CLANG_WARN_DIRECT_OBJC_ISA_USAGE = YES_ERROR;
				CLANG_WARN_DOCUMENTATION_COMMENTS = YES;
				CLANG_WARN_EMPTY_BODY = YES;
				CLANG_WARN_ENUM_CONVERSION = YES;
				CLANG_WARN_INFINITE_RECURSION = YES;
				CLANG_WARN_INT_CONVERSION = YES;
				CLANG_WARN_OBJC_ROOT_CLASS = YES_ERROR;
				CLANG_WARN_SUSPICIOUS_MOVE = YES;
				CLANG_WARN_UNREACHABLE_CODE = YES;
				CLANG_WARN__DUPLICATE_METHOD_MATCH = YES;
				"CODE_SIGN_IDENTITY[sdk=iphoneos*]" = "iPhone Developer";
				COPY_PHASE_STRIP = NO;
				DEBUG_INFORMATION_FORMAT = "dwarf-with-dsym";
				ENABLE_NS_ASSERTIONS = NO;
				ENABLE_STRICT_OBJC_MSGSEND = YES;
				GCC_C_LANGUAGE_STANDARD = gnu99;
				GCC_NO_COMMON_BLOCKS = YES;
				GCC_WARN_64_TO_32_BIT_CONVERSION = YES;
				GCC_WARN_ABOUT_RETURN_TYPE = YES_ERROR;
				GCC_WARN_UNDECLARED_SELECTOR = YES;
				GCC_WARN_UNINITIALIZED_AUTOS = YES_AGGRESSIVE;
				GCC_WARN_UNUSED_FUNCTION = YES;
				GCC_WARN_UNUSED_VARIABLE = YES;
				IPHONEOS_DEPLOYMENT_TARGET = 10.3;
				MTL_ENABLE_DEBUG_INFO = NO;
				SDKROOT = iphoneos;
				SWIFT_OPTIMIZATION_LEVEL = "-Owholemodule";
				TARGETED_DEVICE_FAMILY = "1,2";
				VALIDATE_PRODUCT = YES;
			};
			name = Release;
		};
		699D3DBC1EBFD48E005DB2DF /* Debug */ = {
			isa = XCBuildConfiguration;
			buildSettings = {
				ASSETCATALOG_COMPILER_APPICON_NAME = AppIcon;
				DEVELOPMENT_TEAM = GUH47Z8BFP;
				INFOPLIST_FILE = Doit/Info.plist;
				LD_RUNPATH_SEARCH_PATHS = "$(inherited) @executable_path/Frameworks";
				PRODUCT_BUNDLE_IDENTIFIER = com.trevorwelch.Doit;
				PRODUCT_NAME = "$(TARGET_NAME)";
				SWIFT_VERSION = 3.0;
			};
			name = Debug;
		};
		699D3DBD1EBFD48E005DB2DF /* Release */ = {
			isa = XCBuildConfiguration;
			buildSettings = {
				ASSETCATALOG_COMPILER_APPICON_NAME = AppIcon;
				DEVELOPMENT_TEAM = GUH47Z8BFP;
				INFOPLIST_FILE = Doit/Info.plist;
				LD_RUNPATH_SEARCH_PATHS = "$(inherited) @executable_path/Frameworks";
				PRODUCT_BUNDLE_IDENTIFIER = com.trevorwelch.Doit;
				PRODUCT_NAME = "$(TARGET_NAME)";
				SWIFT_VERSION = 3.0;
			};
			name = Release;
		};
/* End XCBuildConfiguration section */

/* Begin XCConfigurationList section */
		699D3DA11EBFD48E005DB2DF /* Build configuration list for PBXProject "Doit" */ = {
			isa = XCConfigurationList;
			buildConfigurations = (
				699D3DB91EBFD48E005DB2DF /* Debug */,
				699D3DBA1EBFD48E005DB2DF /* Release */,
			);
			defaultConfigurationIsVisible = 0;
			defaultConfigurationName = Release;
		};
		699D3DBB1EBFD48E005DB2DF /* Build configuration list for PBXNativeTarget "Doit" */ = {
			isa = XCConfigurationList;
			buildConfigurations = (
				699D3DBC1EBFD48E005DB2DF /* Debug */,
				699D3DBD1EBFD48E005DB2DF /* Release */,
			);
			defaultConfigurationIsVisible = 0;
			defaultConfigurationName = Release;
		};
/* End XCConfigurationList section */

/* Begin XCVersionGroup section */
		699D3DB01EBFD48E005DB2DF /* Doit.xcdatamodeld */ = {
			isa = XCVersionGroup;
			children = (
				699D3DB11EBFD48E005DB2DF /* Doit.xcdatamodel */,
			);
			currentVersion = 699D3DB11EBFD48E005DB2DF /* Doit.xcdatamodel */;
			path = Doit.xcdatamodeld;
			sourceTree = "<group>";
			versionGroupType = wrapper.xcdatamodel;
		};
/* End XCVersionGroup section */
	};
	rootObject = 699D3D9E1EBFD48E005DB2DF /* Project object */;
}
